
Microsoft Visual Studio Solution File, Format Version 12.00
# Visual Studio Version 16
VisualStudioVersion = 16.0.808.8
MinimumVisualStudioVersion = 10.0.40219.1
Project("{FAE04EC0-301F-11D3-BF4B-00C04F79EFBC}") = "my-site", "my-site.csproj", "{0E97110A-0F39-44AD-8384-BFB2FC9DBD5F}"
EndProject
Global
	GlobalSection(SolutionConfigurationPlatforms) = preSolution
		Debug|Any CPU = Debug|Any CPU
		Release|Any CPU = Release|Any CPU
	EndGlobalSection
	GlobalSection(ProjectConfigurationPlatforms) = postSolution
		{0E97110A-0F39-44AD-8384-BFB2FC9DBD5F}.Debug|Any CPU.ActiveCfg = Debug|Any CPU
		{0E97110A-0F39-44AD-8384-BFB2FC9DBD5F}.Debug|Any CPU.Build.0 = Debug|Any CPU
		{0E97110A-0F39-44AD-8384-BFB2FC9DBD5F}.Release|Any CPU.ActiveCfg = Release|Any CPU
		{0E97110A-0F39-44AD-8384-BFB2FC9DBD5F}.Release|Any CPU.Build.0 = Release|Any CPU
	EndGlobalSection
	GlobalSection(SolutionProperties) = preSolution
		HideSolutionNode = FALSE
	EndGlobalSection
	GlobalSection(ExtensibilityGlobals) = postSolution
		SolutionGuid = {1A839FAC-30E4-45C8-89FA-707BA5B5A1F5}
	EndGlobalSection
EndGlobal
